
Microsoft Visual Studio Solution File, Format Version 12.00
# Visual Studio Version 17
VisualStudioVersion = 17.0.32014.148
MinimumVisualStudioVersion = 10.0.40219.1
Project("{FAE04EC0-301F-11D3-BF4B-00C04F79EFBC}") = "Web", "Web\Web.csproj", "{5D247F7A-5D51-4316-9FB2-13A79D3FFCEE}"
EndProject
Project("{FAE04EC0-301F-11D3-BF4B-00C04F79EFBC}") = "Business", "Business\Business.csproj", "{51232875-D9B6-4D0B-BA96-B36BAF8C8596}"
EndProject
Project("{FAE04EC0-301F-11D3-BF4B-00C04F79EFBC}") = "Core", "Core\Core.csproj", "{2A80B845-043C-4E6F-814F-C06EF738EAE4}"
EndProject
Project("{FAE04EC0-301F-11D3-BF4B-00C04F79EFBC}") = "DataAccess", "DataAccess\DataAccess.csproj", "{CCA75D56-11AD-4650-B185-49AF090894E2}"
EndProject
Project("{FAE04EC0-301F-11D3-BF4B-00C04F79EFBC}") = "Entities", "Entities\Entities.csproj", "{2CD4C470-AE56-4D6A-9BD3-4A6DA0E3F42B}"
EndProject
Global
	GlobalSection(SolutionConfigurationPlatforms) = preSolution
		Debug|Any CPU = Debug|Any CPU
		Release|Any CPU = Release|Any CPU
	EndGlobalSection
	GlobalSection(ProjectConfigurationPlatforms) = postSolution
		{5D247F7A-5D51-4316-9FB2-13A79D3FFCEE}.Debug|Any CPU.ActiveCfg = Debug|Any CPU
		{5D247F7A-5D51-4316-9FB2-13A79D3FFCEE}.Debug|Any CPU.Build.0 = Debug|Any CPU
		{5D247F7A-5D51-4316-9FB2-13A79D3FFCEE}.Release|Any CPU.ActiveCfg = Release|Any CPU
		{5D247F7A-5D51-4316-9FB2-13A79D3FFCEE}.Release|Any CPU.Build.0 = Release|Any CPU
		{51232875-D9B6-4D0B-BA96-B36BAF8C8596}.Debug|Any CPU.ActiveCfg = Debug|Any CPU
		{51232875-D9B6-4D0B-BA96-B36BAF8C8596}.Debug|Any CPU.Build.0 = Debug|Any CPU
		{51232875-D9B6-4D0B-BA96-B36BAF8C8596}.Release|Any CPU.ActiveCfg = Release|Any CPU
		{51232875-D9B6-4D0B-BA96-B36BAF8C8596}.Release|Any CPU.Build.0 = Release|Any CPU
		{2A80B845-043C-4E6F-814F-C06EF738EAE4}.Debug|Any CPU.ActiveCfg = Debug|Any CPU
		{2A80B845-043C-4E6F-814F-C06EF738EAE4}.Debug|Any CPU.Build.0 = Debug|Any CPU
		{2A80B845-043C-4E6F-814F-C06EF738EAE4}.Release|Any CPU.ActiveCfg = Release|Any CPU
		{2A80B845-043C-4E6F-814F-C06EF738EAE4}.Release|Any CPU.Build.0 = Release|Any CPU
		{CCA75D56-11AD-4650-B185-49AF090894E2}.Debug|Any CPU.ActiveCfg = Debug|Any CPU
		{CCA75D56-11AD-4650-B185-49AF090894E2}.Debug|Any CPU.Build.0 = Debug|Any CPU
		{CCA75D56-11AD-4650-B185-49AF090894E2}.Release|Any CPU.ActiveCfg = Release|Any CPU
		{CCA75D56-11AD-4650-B185-49AF090894E2}.Release|Any CPU.Build.0 = Release|Any CPU
		{2CD4C470-AE56-4D6A-9BD3-4A6DA0E3F42B}.Debug|Any CPU.ActiveCfg = Debug|Any CPU
		{2CD4C470-AE56-4D6A-9BD3-4A6DA0E3F42B}.Debug|Any CPU.Build.0 = Debug|Any CPU
		{2CD4C470-AE56-4D6A-9BD3-4A6DA0E3F42B}.Release|Any CPU.ActiveCfg = Release|Any CPU
		{2CD4C470-AE56-4D6A-9BD3-4A6DA0E3F42B}.Release|Any CPU.Build.0 = Release|Any CPU
	EndGlobalSection
	GlobalSection(SolutionProperties) = preSolution
		HideSolutionNode = FALSE
	EndGlobalSection
	GlobalSection(ExtensibilityGlobals) = postSolution
		SolutionGuid = {D4070022-08FD-4342-AA09-CDBC9887440C}
	EndGlobalSection
EndGlobal
